
Microsoft Visual Studio Solution File, Format Version 12.00
# Visual Studio Version 17
VisualStudioVersion = 17.3.32901.215
MinimumVisualStudioVersion = 10.0.40219.1
Project("{FAE04EC0-301F-11D3-BF4B-00C04F79EFBC}") = "ConsoleCalculator", "ConsoleCalculator\ConsoleCalculator.csproj", "{C2958C88-96BC-47AB-A633-D266340A70AA}"
EndProject
Global
	GlobalSection(SolutionConfigurationPlatforms) = preSolution
		Debug|Any CPU = Debug|Any CPU
		Release|Any CPU = Release|Any CPU
	EndGlobalSection
	GlobalSection(ProjectConfigurationPlatforms) = postSolution
		{C2958C88-96BC-47AB-A633-D266340A70AA}.Debug|Any CPU.ActiveCfg = Debug|Any CPU
		{C2958C88-96BC-47AB-A633-D266340A70AA}.Debug|Any CPU.Build.0 = Debug|Any CPU
		{C2958C88-96BC-47AB-A633-D266340A70AA}.Release|Any CPU.ActiveCfg = Release|Any CPU
		{C2958C88-96BC-47AB-A633-D266340A70AA}.Release|Any CPU.Build.0 = Release|Any CPU
	EndGlobalSection
	GlobalSection(SolutionProperties) = preSolution
		HideSolutionNode = FALSE
	EndGlobalSection
	GlobalSection(ExtensibilityGlobals) = postSolution
		SolutionGuid = {05A9EF00-0324-4B31-B74E-F9E5AC87B66F}
	EndGlobalSection
EndGlobal
